version = 1
revision = 3
requires-python = ">=3.12"

[[package]]
name = "comrak"
version = "0.0.9"
source = { registry = "https://pypi.org/simple" }
sdist = { url = "https://files.pythonhosted.org/packages/cc/d3/3882ebaeee6414a53203c588f9cd76bc1ea34822b0fdc536f455a132ef80/comrak-0.0.9.tar.gz", hash = "sha256:321632d1601f57f9768c490ce534d6df055ca4052d5c3fd405bfe4455b9671e2", size = 53566, upload-time = "2025-10-27T14:17:09.651Z" }
wheels = [
    { url = "https://files.pythonhosted.org/packages/7b/c2/d4f53d5a822d315704c3a624d7e9e2294c6d151b9b264212509e1bbaa658/comrak-0.0.9-cp311-abi3-macosx_10_12_x86_64.whl", hash = "sha256:05825f7e5c745465325f9e7b0c3cd8f589af005776ba4bad6efe3b5c4c7526ef", size = 508232, upload-time = "2025-10-27T14:16:49.678Z" },
    { url = "https://files.pythonhosted.org/packages/f7/b7/a51703aa494693b7dba4bdb92a4437e0db56df6f462a1c838b167b98c240/comrak-0.0.9-cp311-abi3-macosx_11_0_arm64.whl", hash = "sha256:2ffcb046621e91979b8c28892978749177c2f89c9d3cf73a699f0d71e659110b", size = 485758, upload-time = "2025-10-27T14:16:48.313Z" },
    { url = "https://files.pythonhosted.org/packages/38/6f/989df99cd9fa18bb5cc77cc47598b5d3fd5da9f2c3f6baa1b5529cf4edd7/comrak-0.0.9-cp313-cp313t-manylinux_2_17_aarch64.manylinux2014_aarch64.whl", hash = "sha256:6f41cdff9e9b7e598fc1966e155e0a0f53451ce4280d7f61c3148d1acbf1aff8", size = 572715, upload-time = "2025-10-27T14:16:14.711Z" },
    { url = "https://files.pythonhosted.org/packages/8c/4e/b73ca4979c76c7561f01a4530b9a7a1036c5fd144551070795161aac0737/comrak-0.0.9-cp313-cp313t-manylinux_2_17_armv7l.manylinux2014_armv7l.whl", hash = "sha256:5233ef2198c5916c2d97824b790dc2ebaad766d6cf6fe354f6aeda4520908569", size = 531204, upload-time = "2025-10-27T14:16:21.176Z" },
    { url = "https://files.pythonhosted.org/packages/fe/75/c60c07d288c0fd90b0c021c13f4fa099fc2579fc91102979a523f5e7ec38/comrak-0.0.9-cp313-cp313t-manylinux_2_17_ppc64le.manylinux2014_ppc64le.whl", hash = "sha256:a2f5313cfc5726fa6d0ae0d261399145bf49d01098a13cad2e3954d02f5526ad", size = 638565, upload-time = "2025-10-27T14:16:34.66Z" },
    { url = "https://files.pythonhosted.org/packages/d7/7d/7c2d3941db13a327e33dd7e2606d1aeaa5da508a76be8049a2b6c1abf6a9/comrak-0.0.9-cp313-cp313t-manylinux_2_17_s390x.manylinux2014_s390x.whl", hash = "sha256:6d0a5e5a3ee0214715dd9760ffe2012c35e6b75526c9d6ca3c9ab05c98aa719b", size = 704633, upload-time = "2025-10-27T14:16:40.608Z" },
    { url = "https://files.pythonhosted.org/packages/b3/f2/ea66d78bc6db001870164bb03e5dd94e93c028e3b3c09fdea85a908ab89e/comrak-0.0.9-cp313-cp313t-musllinux_1_2_aarch64.whl", hash = "sha256:2a9605a05849c39f34f43856725950f627e73033f4cd09dda4d8a90a5eaf506d", size = 754219, upload-time = "2025-10-27T14:16:51.525Z" },
    { url = "https://files.pythonhosted.org/packages/3c/53/82570a94dc310fd39d5737f133c776fdccb594df43d4568638d9138bea4a/comrak-0.0.9-cp313-cp313t-musllinux_1_2_armv7l.whl", hash = "sha256:4cdb3253523d53021b06ecd2a174d1543d2e1175636afa4585b4f8f0f3dbdfb4", size = 796347, upload-time = "2025-10-27T14:16:56.194Z" },
    { url = "https://files.pythonhosted.org/packages/38/c8/e104003673f0ab06cf2730ef3f67b7a3f7d74df1a6620c5e1f764283ff1c/comrak-0.0.9-cp313-cp313t-musllinux_1_2_i686.whl", hash = "sha256:e22a2024205fd47a4082857887cb6d6b2cbce4ce9b4aed33fab1a5a5bebdbf82", size = 740015, upload-time = "2025-10-27T14:17:00.762Z" },
    { url = "https://files.pythonhosted.org/packages/13/a8/e357f698f720fcca691cb11f4aef604562ffd516d92c05245f4bd7aa4d06/comrak-0.0.9-cp313-cp313t-musllinux_1_2_x86_64.whl", hash = "sha256:573182efb3a54ae97ea45d5d54701a9c23500a7f1be9e8b22867496929e3179d", size = 770084, upload-time = "2025-10-27T14:17:05.537Z" },
    { url = "https://files.pythonhosted.org/packages/8a/b6/77aef2d5548120a007ad27c261f75f2a7c06f5dbb7b69e9fb5f4f9ee0a94/comrak-0.0.9-cp314-abi3-win32.whl", hash = "sha256:80d07541576ef70bdc0a4e87917506f685b1f76b8733b5fdb2f1c19e1e26a103", size = 420825, upload-time = "2025-10-27T14:17:12.026Z" },
    { url = "https://files.pythonhosted.org/packages/19/54/c51a0fc0ea05ee9911d5de03104126c798b91cd0e43851824ff3a3cb9133/comrak-0.0.9-cp314-abi3-win_amd64.whl", hash = "sha256:72ac00494af07c22a3ba7ccc90de228eeab542c2a5a1886fdec757729be3b62c", size = 431300, upload-time = "2025-10-27T14:17:10.715Z" },
    { url = "https://files.pythonhosted.org/packages/83/9e/270866e3e5ff3f13ab22877f8fd9b35b0a0f30799208b3314a85a9524351/comrak-0.0.9-cp39-abi3-manylinux_2_17_aarch64.manylinux2014_aarch64.whl", hash = "sha256:50f099eb3d010bd9c901641792a52260de099575f57d0bfc89213152ee0a7720", size = 578623, upload-time = "2025-10-27T14:16:16.334Z" },
    { url = "https://files.pythonhosted.org/packages/d4/fc/bca91f9f985c30271bbb9e021c730b48dcfcec8576012cff74db2b307289/comrak-0.0.9-cp39-abi3-manylinux_2_17_armv7l.manylinux2014_armv7l.whl", hash = "sha256:d1d60e083115a880222287f5659cc4a2ba4f5ff65f265c84eddd225b24a45c97", size = 535761, upload-time = "2025-10-27T14:16:22.879Z" },
    { url = "https://files.pythonhosted.org/packages/f2/9a/517ccdbffb691f234eb036a7e91066874570027c835b1a35e056323bfa5f/comrak-0.0.9-cp39-abi3-manylinux_2_17_ppc64le.manylinux2014_ppc64le.whl", hash = "sha256:87f69f4e022ec7b14cfeaca1ce6b127f0faf6823357174c0ca396b6a082f2fe6", size = 643254, upload-time = "2025-10-27T14:16:36.322Z" },
    { url = "https://files.pythonhosted.org/packages/19/21/a4d637f6fe60317232190db871814a4b5a8ac8446e615d346bae0a55ff89/comrak-0.0.9-cp39-abi3-manylinux_2_17_s390x.manylinux2014_s390x.whl", hash = "sha256:d6b170b837ab37f92c5cf1b22a70ff422d4591c73ec6c318c471dbc377721752", size = 711952, upload-time = "2025-10-27T14:16:41.989Z" },
    { url = "https://files.pythonhosted.org/packages/ea/be/e5d09891fa307e8b837b1a7aaac416e2fa5b39d1a04f4e5a4395670b9941/comrak-0.0.9-cp39-abi3-manylinux_2_17_x86_64.manylinux2014_x86_64.whl", hash = "sha256:d6bd64c4489efd24f1caaf16f15516902219884fb7ecf2648d9890800bf6996d", size = 562332, upload-time = "2025-10-27T14:16:44.86Z" },
    { url = "https://files.pythonhosted.org/packages/49/5e/d0f40a5d066c72c348a0731c0cd3c75c9b9eef76023681fe79784896fc59/comrak-0.0.9-cp39-abi3-manylinux_2_5_i686.manylinux1_i686.whl", hash = "sha256:34974caaabbd401f7a50bdca1ed4b0bcd383842cc9e6ed4c3e1122f6a98637e2", size = 571043, upload-time = "2025-10-27T14:16:28.375Z" },
    { url = "https://files.pythonhosted.org/packages/6b/e3/91bc3e2b3a1f7ca0d53fe9935b4ec471ee43b5b8a29e4944e55889dd53a8/comrak-0.0.9-cp39-abi3-musllinux_1_2_aarch64.whl", hash = "sha256:a28c7c0647ba61635cd37cc75e70d85384f6d87ff83615ba46313ea63803d107", size = 760918, upload-time = "2025-10-27T14:16:52.981Z" },
    { url = "https://files.pythonhosted.org/packages/0f/02/091343d2293dd943d97008b852d96ea2edfcba1c793080cadca08d36349e/comrak-0.0.9-cp39-abi3-musllinux_1_2_armv7l.whl", hash = "sha256:f4c5cdf37b612f94b0b88e01fb7cb2c8c2c72cb1835d04ff943a8f5add4ce564", size = 801314, upload-time = "2025-10-27T14:16:57.58Z" },
    { url = "https://files.pythonhosted.org/packages/aa/2d/82eb3205bfd4670c1312dfd1f708c8ce01044502f1c19202ede9488d5bce/comrak-0.0.9-cp39-abi3-musllinux_1_2_i686.whl", hash = "sha256:27ced9308fb8aed49bed6462f60ac7fd5d494c002a0116e10e5b1186465e5be2", size = 745333, upload-time = "2025-10-27T14:17:02.294Z" },
    { url = "https://files.pythonhosted.org/packages/11/f0/71ef9e985388acd6b57a0a4a4b43e55fb06c414cac2f4d1a67e58ec63cc7/comrak-0.0.9-cp39-abi3-musllinux_1_2_x86_64.whl", hash = "sha256:666fb9b715e760f6d5f0a0f541d0f611fb368268bb0829c0c0c5f45dfb752fad", size = 775668, upload-time = "2025-10-27T14:17:06.994Z" },
]

[[package]]
name = "markdown"
version = "3.10"
source = { registry = "https://pypi.org/simple" }
sdist = { url = "https://files.pythonhosted.org/packages/7d/ab/7dd27d9d863b3376fcf23a5a13cb5d024aed1db46f963f1b5735ae43b3be/markdown-3.10.tar.gz", hash = "sha256:37062d4f2aa4b2b6b32aefb80faa300f82cc790cb949a35b8caede34f2b68c0e", size = 364931, upload-time = "2025-11-03T19:51:15.007Z" }
wheels = [
    { url = "https://files.pythonhosted.org/packages/70/81/54e3ce63502cd085a0c556652a4e1b919c45a446bd1e5300e10c44c8c521/markdown-3.10-py3-none-any.whl", hash = "sha256:b5b99d6951e2e4948d939255596523444c0e677c669700b1d17aa4a8a464cb7c", size = 107678, upload-time = "2025-11-03T19:51:13.887Z" },
]

[[package]]
name = "propad"
version = "0.1.0"
source = { virtual = "." }
dependencies = [
    { name = "comrak" },
    { name = "markdown" },
    { name = "pygobject" },
    { name = "pygobject-stubs" },
]

[package.dev-dependencies]
dev = [
    { name = "pygobject-stubs" },
    { name = "ruff" },
]

[package.metadata]
requires-dist = [
    { name = "comrak", specifier = ">=0.0.9" },
    { name = "markdown", specifier = ">=3.10" },
    { name = "pygobject", specifier = ">=3.54.5" },
    { name = "pygobject-stubs", specifier = ">=2.14.0" },
]

[package.metadata.requires-dev]
dev = [
    { name = "pygobject-stubs", specifier = ">=2.13.0" },
    { name = "ruff", specifier = ">=0.14.5" },
]

[[package]]
name = "pycairo"
version = "1.29.0"
source = { registry = "https://pypi.org/simple" }
sdist = { url = "https://files.pythonhosted.org/packages/22/d9/1728840a22a4ef8a8f479b9156aa2943cd98c3907accd3849fb0d5f82bfd/pycairo-1.29.0.tar.gz", hash = "sha256:f3f7fde97325cae80224c09f12564ef58d0d0f655da0e3b040f5807bd5bd3142", size = 665871, upload-time = "2025-11-11T19:13:01.584Z" }
wheels = [
    { url = "https://files.pythonhosted.org/packages/f6/28/6363087b9e60af031398a6ee5c248639eefc6cc742884fa2789411b1f73b/pycairo-1.29.0-cp312-cp312-win32.whl", hash = "sha256:91bcd7b5835764c616a615d9948a9afea29237b34d2ed013526807c3d79bb1d0", size = 751486, upload-time = "2025-11-11T19:11:54.451Z" },
    { url = "https://files.pythonhosted.org/packages/3a/d2/d146f1dd4ef81007686ac52231dd8f15ad54cf0aa432adaefc825475f286/pycairo-1.29.0-cp312-cp312-win_amd64.whl", hash = "sha256:3f01c3b5e49ef9411fff6bc7db1e765f542dc1c9cfed4542958a5afa3a8b8e76", size = 845383, upload-time = "2025-11-11T19:12:01.551Z" },
    { url = "https://files.pythonhosted.org/packages/01/16/6e6f33bb79ec4a527c9e633915c16dc55a60be26b31118dbd0d5859e8c51/pycairo-1.29.0-cp312-cp312-win_arm64.whl", hash = "sha256:eafe3d2076f3533535ad4a361fa0754e0ee66b90e548a3a0f558fed00b1248f2", size = 694518, upload-time = "2025-11-11T19:12:06.561Z" },
    { url = "https://files.pythonhosted.org/packages/f0/21/3f477dc318dd4e84a5ae6301e67284199d7e5a2384f3063714041086b65d/pycairo-1.29.0-cp313-cp313-win32.whl", hash = "sha256:3eb382a4141591807073274522f7aecab9e8fa2f14feafd11ac03a13a58141d7", size = 750949, upload-time = "2025-11-11T19:12:12.198Z" },
    { url = "https://files.pythonhosted.org/packages/43/34/7d27a333c558d6ac16dbc12a35061d389735e99e494ee4effa4ec6d99bed/pycairo-1.29.0-cp313-cp313-win_amd64.whl", hash = "sha256:91114e4b3fbf4287c2b0788f83e1f566ce031bda49cf1c3c3c19c3e986e95c38", size = 844149, upload-time = "2025-11-11T19:12:19.171Z" },
    { url = "https://files.pythonhosted.org/packages/15/43/e782131e23df69e5c8e631a016ed84f94bbc4981bf6411079f57af730a23/pycairo-1.29.0-cp313-cp313-win_arm64.whl", hash = "sha256:09b7f69a5ff6881e151354ea092137b97b0b1f0b2ab4eb81c92a02cc4a08e335", size = 693595, upload-time = "2025-11-11T19:12:23.445Z" },
    { url = "https://files.pythonhosted.org/packages/2d/fa/87eaeeb9d53344c769839d7b2854db7ff2cd596211e00dd1b702eeb1838f/pycairo-1.29.0-cp314-cp314-win32.whl", hash = "sha256:69e2a7968a3fbb839736257bae153f547bca787113cc8d21e9e08ca4526e0b6b", size = 767198, upload-time = "2025-11-11T19:12:42.336Z" },
    { url = "https://files.pythonhosted.org/packages/3c/90/3564d0f64d0a00926ab863dc3c4a129b1065133128e96900772e1c4421f8/pycairo-1.29.0-cp314-cp314-win_amd64.whl", hash = "sha256:e91243437a21cc4c67c401eff4433eadc45745275fa3ade1a0d877e50ffb90da", size = 871579, upload-time = "2025-11-11T19:12:48.982Z" },
    { url = "https://files.pythonhosted.org/packages/5e/91/93632b6ba12ad69c61991e3208bde88486fdfc152be8cfdd13444e9bc650/pycairo-1.29.0-cp314-cp314-win_arm64.whl", hash = "sha256:b72200ea0e5f73ae4c788cd2028a750062221385eb0e6d8f1ecc714d0b4fdf82", size = 719537, upload-time = "2025-11-11T19:12:55.016Z" },
    { url = "https://files.pythonhosted.org/packages/93/23/37053c039f8d3b9b5017af9bc64d27b680c48a898d48b72e6d6583cf0155/pycairo-1.29.0-cp314-cp314t-win_amd64.whl", hash = "sha256:5e45fce6185f553e79e4ef1722b8e98e6cde9900dbc48cb2637a9ccba86f627a", size = 874015, upload-time = "2025-11-11T19:12:28.47Z" },
    { url = "https://files.pythonhosted.org/packages/d7/54/123f6239685f5f3f2edc123f1e38d2eefacebee18cf3c532d2f4bd51d0ef/pycairo-1.29.0-cp314-cp314t-win_arm64.whl", hash = "sha256:caba0837a4b40d47c8dfb0f24cccc12c7831e3dd450837f2a356c75f21ce5a15", size = 721404, upload-time = "2025-11-11T19:12:36.919Z" },
]

[[package]]
name = "pygobject"
version = "3.54.5"
source = { registry = "https://pypi.org/simple" }
dependencies = [
    { name = "pycairo" },
]
sdist = { url = "https://files.pythonhosted.org/packages/d3/a5/68f883df1d8442e3b267cb92105a4b2f0de819bd64ac9981c2d680d3f49f/pygobject-3.54.5.tar.gz", hash = "sha256:b6656f6348f5245606cf15ea48c384c7f05156c75ead206c1b246c80a22fb585", size = 1274658, upload-time = "2025-10-18T13:45:03.121Z" }

[[package]]
name = "pygobject-stubs"
version = "2.14.0"
source = { registry = "https://pypi.org/simple" }
sdist = { url = "https://files.pythonhosted.org/packages/16/6e/edcff8b3eb9c65fdfeefb55bb990a872d95797d75b0c0c666d65ccc47018/pygobject_stubs-2.14.0.tar.gz", hash = "sha256:614d4908a9ed6e9b821498059ab2e86736346c2fd75c0286ccb018cfcfd8ab23", size = 895790, upload-time = "2025-10-31T22:17:36.375Z" }

[[package]]
name = "ruff"
version = "0.14.5"
source = { registry = "https://pypi.org/simple" }
sdist = { url = "https://files.pythonhosted.org/packages/82/fa/fbb67a5780ae0f704876cb8ac92d6d76da41da4dc72b7ed3565ab18f2f52/ruff-0.14.5.tar.gz", hash = "sha256:8d3b48d7d8aad423d3137af7ab6c8b1e38e4de104800f0d596990f6ada1a9fc1", size = 5615944, upload-time = "2025-11-13T19:58:51.155Z" }
wheels = [
    { url = "https://files.pythonhosted.org/packages/68/31/c07e9c535248d10836a94e4f4e8c5a31a1beed6f169b31405b227872d4f4/ruff-0.14.5-py3-none-linux_armv6l.whl", hash = "sha256:f3b8248123b586de44a8018bcc9fefe31d23dda57a34e6f0e1e53bd51fd63594", size = 13171630, upload-time = "2025-11-13T19:57:54.894Z" },
    { url = "https://files.pythonhosted.org/packages/8e/5c/283c62516dca697cd604c2796d1487396b7a436b2f0ecc3fd412aca470e0/ruff-0.14.5-py3-none-macosx_10_12_x86_64.whl", hash = "sha256:f7a75236570318c7a30edd7f5491945f0169de738d945ca8784500b517163a72", size = 13413925, upload-time = "2025-11-13T19:57:59.181Z" },
    { url = "https://files.pythonhosted.org/packages/b6/f3/aa319f4afc22cb6fcba2b9cdfc0f03bbf747e59ab7a8c5e90173857a1361/ruff-0.14.5-py3-none-macosx_11_0_arm64.whl", hash = "sha256:6d146132d1ee115f8802356a2dc9a634dbf58184c51bff21f313e8cd1c74899a", size = 12574040, upload-time = "2025-11-13T19:58:02.056Z" },
    { url = "https://files.pythonhosted.org/packages/f9/7f/cb5845fcc7c7e88ed57f58670189fc2ff517fe2134c3821e77e29fd3b0c8/ruff-0.14.5-py3-none-manylinux_2_17_aarch64.manylinux2014_aarch64.whl", hash = "sha256:e2380596653dcd20b057794d55681571a257a42327da8894b93bbd6111aa801f", size = 13009755, upload-time = "2025-11-13T19:58:05.172Z" },
    { url = "https://files.pythonhosted.org/packages/21/d2/bcbedbb6bcb9253085981730687ddc0cc7b2e18e8dc13cf4453de905d7a0/ruff-0.14.5-py3-none-manylinux_2_17_armv7l.manylinux2014_armv7l.whl", hash = "sha256:2d1fa985a42b1f075a098fa1ab9d472b712bdb17ad87a8ec86e45e7fa6273e68", size = 12937641, upload-time = "2025-11-13T19:58:08.345Z" },
    { url = "https://files.pythonhosted.org/packages/a4/58/e25de28a572bdd60ffc6bb71fc7fd25a94ec6a076942e372437649cbb02a/ruff-0.14.5-py3-none-manylinux_2_17_i686.manylinux2014_i686.whl", hash = "sha256:88f0770d42b7fa02bbefddde15d235ca3aa24e2f0137388cc15b2dcbb1f7c7a7", size = 13610854, upload-time = "2025-11-13T19:58:11.419Z" },
    { url = "https://files.pythonhosted.org/packages/7d/24/43bb3fd23ecee9861970978ea1a7a63e12a204d319248a7e8af539984280/ruff-0.14.5-py3-none-manylinux_2_17_ppc64.manylinux2014_ppc64.whl", hash = "sha256:3676cb02b9061fee7294661071c4709fa21419ea9176087cb77e64410926eb78", size = 15061088, upload-time = "2025-11-13T19:58:14.551Z" },
    { url = "https://files.pythonhosted.org/packages/23/44/a022f288d61c2f8c8645b24c364b719aee293ffc7d633a2ca4d116b9c716/ruff-0.14.5-py3-none-manylinux_2_17_ppc64le.manylinux2014_ppc64le.whl", hash = "sha256:b595bedf6bc9cab647c4a173a61acf4f1ac5f2b545203ba82f30fcb10b0318fb", size = 14734717, upload-time = "2025-11-13T19:58:17.518Z" },
    { url = "https://files.pythonhosted.org/packages/58/81/5c6ba44de7e44c91f68073e0658109d8373b0590940efe5bd7753a2585a3/ruff-0.14.5-py3-none-manylinux_2_17_s390x.manylinux2014_s390x.whl", hash = "sha256:f55382725ad0bdb2e8ee2babcbbfb16f124f5a59496a2f6a46f1d9d99d93e6e2", size = 14028812, upload-time = "2025-11-13T19:58:20.533Z" },
    { url = "https://files.pythonhosted.org/packages/ad/ef/41a8b60f8462cb320f68615b00299ebb12660097c952c600c762078420f8/ruff-0.14.5-py3-none-manylinux_2_17_x86_64.manylinux2014_x86_64.whl", hash = "sha256:7497d19dce23976bdaca24345ae131a1d38dcfe1b0850ad8e9e6e4fa321a6e19", size = 13825656, upload-time = "2025-11-13T19:58:23.345Z" },
    { url = "https://files.pythonhosted.org/packages/7c/00/207e5de737fdb59b39eb1fac806904fe05681981b46d6a6db9468501062e/ruff-0.14.5-py3-none-manylinux_2_31_riscv64.whl", hash = "sha256:410e781f1122d6be4f446981dd479470af86537fb0b8857f27a6e872f65a38e4", size = 13959922, upload-time = "2025-11-13T19:58:26.537Z" },
    { url = "https://files.pythonhosted.org/packages/bc/7e/fa1f5c2776db4be405040293618846a2dece5c70b050874c2d1f10f24776/ruff-0.14.5-py3-none-musllinux_1_2_aarch64.whl", hash = "sha256:c01be527ef4c91a6d55e53b337bfe2c0f82af024cc1a33c44792d6844e2331e1", size = 12932501, upload-time = "2025-11-13T19:58:29.822Z" },
    { url = "https://files.pythonhosted.org/packages/67/d8/d86bf784d693a764b59479a6bbdc9515ae42c340a5dc5ab1dabef847bfaa/ruff-0.14.5-py3-none-musllinux_1_2_armv7l.whl", hash = "sha256:f66e9bb762e68d66e48550b59c74314168ebb46199886c5c5aa0b0fbcc81b151", size = 12927319, upload-time = "2025-11-13T19:58:32.923Z" },
    { url = "https://files.pythonhosted.org/packages/ac/de/ee0b304d450ae007ce0cb3e455fe24fbcaaedae4ebaad6c23831c6663651/ruff-0.14.5-py3-none-musllinux_1_2_i686.whl", hash = "sha256:d93be8f1fa01022337f1f8f3bcaa7ffee2d0b03f00922c45c2207954f351f465", size = 13206209, upload-time = "2025-11-13T19:58:35.952Z" },
    { url = "https://files.pythonhosted.org/packages/33/aa/193ca7e3a92d74f17d9d5771a765965d2cf42c86e6f0fd95b13969115723/ruff-0.14.5-py3-none-musllinux_1_2_x86_64.whl", hash = "sha256:c135d4b681f7401fe0e7312017e41aba9b3160861105726b76cfa14bc25aa367", size = 13953709, upload-time = "2025-11-13T19:58:39.002Z" },
    { url = "https://files.pythonhosted.org/packages/cc/f1/7119e42aa1d3bf036ffc9478885c2e248812b7de9abea4eae89163d2929d/ruff-0.14.5-py3-none-win32.whl", hash = "sha256:c83642e6fccfb6dea8b785eb9f456800dcd6a63f362238af5fc0c83d027dd08b", size = 12925808, upload-time = "2025-11-13T19:58:42.779Z" },
    { url = "https://files.pythonhosted.org/packages/3b/9d/7c0a255d21e0912114784e4a96bf62af0618e2190cae468cd82b13625ad2/ruff-0.14.5-py3-none-win_amd64.whl", hash = "sha256:9d55d7af7166f143c94eae1db3312f9ea8f95a4defef1979ed516dbb38c27621", size = 14331546, upload-time = "2025-11-13T19:58:45.691Z" },
    { url = "https://files.pythonhosted.org/packages/e5/80/69756670caedcf3b9be597a6e12276a6cf6197076eb62aad0c608f8efce0/ruff-0.14.5-py3-none-win_arm64.whl", hash = "sha256:4b700459d4649e2594b31f20a9de33bc7c19976d4746d8d0798ad959621d64a4", size = 13433331, upload-time = "2025-11-13T19:58:48.434Z" },
]
