version = 1
revision = 3
requires-python = ">=3.12"

[[package]]
name = "markdown"
version = "3.10"
source = { registry = "https://pypi.org/simple" }
sdist = { url = "https://files.pythonhosted.org/packages/7d/ab/7dd27d9d863b3376fcf23a5a13cb5d024aed1db46f963f1b5735ae43b3be/markdown-3.10.tar.gz", hash = "sha256:37062d4f2aa4b2b6b32aefb80faa300f82cc790cb949a35b8caede34f2b68c0e", size = 364931, upload-time = "2025-11-03T19:51:15.007Z" }
wheels = [
    { url = "https://files.pythonhosted.org/packages/70/81/54e3ce63502cd085a0c556652a4e1b919c45a446bd1e5300e10c44c8c521/markdown-3.10-py3-none-any.whl", hash = "sha256:b5b99d6951e2e4948d939255596523444c0e677c669700b1d17aa4a8a464cb7c", size = 107678, upload-time = "2025-11-03T19:51:13.887Z" },
]

[[package]]
name = "propad"
version = "0.1.0"
source = { virtual = "." }
dependencies = [
    { name = "markdown" },
    { name = "pygobject" },
    { name = "pygobject-stubs" },
]

[package.dev-dependencies]
dev = [
    { name = "pygobject-stubs" },
    { name = "ruff" },
]

[package.metadata]
requires-dist = [
    { name = "markdown", specifier = ">=3.10" },
    { name = "pygobject", specifier = ">=3.54.5" },
    { name = "pygobject-stubs", specifier = ">=2.14.0" },
]

[package.metadata.requires-dev]
dev = [
    { name = "pygobject-stubs", specifier = ">=2.13.0" },
    { name = "ruff", specifier = ">=0.14.5" },
]

[[package]]
name = "pycairo"
version = "1.29.0"
source = { registry = "https://pypi.org/simple" }
sdist = { url = "https://files.pythonhosted.org/packages/22/d9/1728840a22a4ef8a8f479b9156aa2943cd98c3907accd3849fb0d5f82bfd/pycairo-1.29.0.tar.gz", hash = "sha256:f3f7fde97325cae80224c09f12564ef58d0d0f655da0e3b040f5807bd5bd3142", size = 665871, upload-time = "2025-11-11T19:13:01.584Z" }
wheels = [
    { url = "https://files.pythonhosted.org/packages/f6/28/6363087b9e60af031398a6ee5c248639eefc6cc742884fa2789411b1f73b/pycairo-1.29.0-cp312-cp312-win32.whl", hash = "sha256:91bcd7b5835764c616a615d9948a9afea29237b34d2ed013526807c3d79bb1d0", size = 751486, upload-time = "2025-11-11T19:11:54.451Z" },
    { url = "https://files.pythonhosted.org/packages/3a/d2/d146f1dd4ef81007686ac52231dd8f15ad54cf0aa432adaefc825475f286/pycairo-1.29.0-cp312-cp312-win_amd64.whl", hash = "sha256:3f01c3b5e49ef9411fff6bc7db1e765f542dc1c9cfed4542958a5afa3a8b8e76", size = 845383, upload-time = "2025-11-11T19:12:01.551Z" },
    { url = "https://files.pythonhosted.org/packages/01/16/6e6f33bb79ec4a527c9e633915c16dc55a60be26b31118dbd0d5859e8c51/pycairo-1.29.0-cp312-cp312-win_arm64.whl", hash = "sha256:eafe3d2076f3533535ad4a361fa0754e0ee66b90e548a3a0f558fed00b1248f2", size = 694518, upload-time = "2025-11-11T19:12:06.561Z" },
    { url = "https://files.pythonhosted.org/packages/f0/21/3f477dc318dd4e84a5ae6301e67284199d7e5a2384f3063714041086b65d/pycairo-1.29.0-cp313-cp313-win32.whl", hash = "sha256:3eb382a4141591807073274522f7aecab9e8fa2f14feafd11ac03a13a58141d7", size = 750949, upload-time = "2025-11-11T19:12:12.198Z" },
    { url = "https://files.pythonhosted.org/packages/43/34/7d27a333c558d6ac16dbc12a35061d389735e99e494ee4effa4ec6d99bed/pycairo-1.29.0-cp313-cp313-win_amd64.whl", hash = "sha256:91114e4b3fbf4287c2b0788f83e1f566ce031bda49cf1c3c3c19c3e986e95c38", size = 844149, upload-time = "2025-11-11T19:12:19.171Z" },
    { url = "https://files.pythonhosted.org/packages/15/43/e782131e23df69e5c8e631a016ed84f94bbc4981bf6411079f57af730a23/pycairo-1.29.0-cp313-cp313-win_arm64.whl", hash = "sha256:09b7f69a5ff6881e151354ea092137b97b0b1f0b2ab4eb81c92a02cc4a08e335", size = 693595, upload-time = "2025-11-11T19:12:23.445Z" },
    { url = "https://files.pythonhosted.org/packages/2d/fa/87eaeeb9d53344c769839d7b2854db7ff2cd596211e00dd1b702eeb1838f/pycairo-1.29.0-cp314-cp314-win32.whl", hash = "sha256:69e2a7968a3fbb839736257bae153f547bca787113cc8d21e9e08ca4526e0b6b", size = 767198, upload-time = "2025-11-11T19:12:42.336Z" },
    { url = "https://files.pythonhosted.org/packages/3c/90/3564d0f64d0a00926ab863dc3c4a129b1065133128e96900772e1c4421f8/pycairo-1.29.0-cp314-cp314-win_amd64.whl", hash = "sha256:e91243437a21cc4c67c401eff4433eadc45745275fa3ade1a0d877e50ffb90da", size = 871579, upload-time = "2025-11-11T19:12:48.982Z" },
    { url = "https://files.pythonhosted.org/packages/5e/91/93632b6ba12ad69c61991e3208bde88486fdfc152be8cfdd13444e9bc650/pycairo-1.29.0-cp314-cp314-win_arm64.whl", hash = "sha256:b72200ea0e5f73ae4c788cd2028a750062221385eb0e6d8f1ecc714d0b4fdf82", size = 719537, upload-time = "2025-11-11T19:12:55.016Z" },
    { url = "https://files.pythonhosted.org/packages/93/23/37053c039f8d3b9b5017af9bc64d27b680c48a898d48b72e6d6583cf0155/pycairo-1.29.0-cp314-cp314t-win_amd64.whl", hash = "sha256:5e45fce6185f553e79e4ef1722b8e98e6cde9900dbc48cb2637a9ccba86f627a", size = 874015, upload-time = "2025-11-11T19:12:28.47Z" },
    { url = "https://files.pythonhosted.org/packages/d7/54/123f6239685f5f3f2edc123f1e38d2eefacebee18cf3c532d2f4bd51d0ef/pycairo-1.29.0-cp314-cp314t-win_arm64.whl", hash = "sha256:caba0837a4b40d47c8dfb0f24cccc12c7831e3dd450837f2a356c75f21ce5a15", size = 721404, upload-time = "2025-11-11T19:12:36.919Z" },
]

[[package]]
name = "pygobject"
version = "3.54.5"
source = { registry = "https://pypi.org/simple" }
dependencies = [
    { name = "pycairo" },
]
sdist = { url = "https://files.pythonhosted.org/packages/d3/a5/68f883df1d8442e3b267cb92105a4b2f0de819bd64ac9981c2d680d3f49f/pygobject-3.54.5.tar.gz", hash = "sha256:b6656f6348f5245606cf15ea48c384c7f05156c75ead206c1b246c80a22fb585", size = 1274658, upload-time = "2025-10-18T13:45:03.121Z" }

[[package]]
name = "pygobject-stubs"
version = "2.14.0"
source = { registry = "https://pypi.org/simple" }
sdist = { url = "https://files.pythonhosted.org/packages/16/6e/edcff8b3eb9c65fdfeefb55bb990a872d95797d75b0c0c666d65ccc47018/pygobject_stubs-2.14.0.tar.gz", hash = "sha256:614d4908a9ed6e9b821498059ab2e86736346c2fd75c0286ccb018cfcfd8ab23", size = 895790, upload-time = "2025-10-31T22:17:36.375Z" }

[[package]]
name = "ruff"
version = "0.14.5"
source = { registry = "https://pypi.org/simple" }
sdist = { url = "https://files.pythonhosted.org/packages/82/fa/fbb67a5780ae0f704876cb8ac92d6d76da41da4dc72b7ed3565ab18f2f52/ruff-0.14.5.tar.gz", hash = "sha256:8d3b48d7d8aad423d3137af7ab6c8b1e38e4de104800f0d596990f6ada1a9fc1", size = 5615944, upload-time = "2025-11-13T19:58:51.155Z" }
wheels = [
    { url = "https://files.pythonhosted.org/packages/68/31/c07e9c535248d10836a94e4f4e8c5a31a1beed6f169b31405b227872d4f4/ruff-0.14.5-py3-none-linux_armv6l.whl", hash = "sha256:f3b8248123b586de44a8018bcc9fefe31d23dda57a34e6f0e1e53bd51fd63594", size = 13171630, upload-time = "2025-11-13T19:57:54.894Z" },
    { url = "https://files.pythonhosted.org/packages/8e/5c/283c62516dca697cd604c2796d1487396b7a436b2f0ecc3fd412aca470e0/ruff-0.14.5-py3-none-macosx_10_12_x86_64.whl", hash = "sha256:f7a75236570318c7a30edd7f5491945f0169de738d945ca8784500b517163a72", size = 13413925, upload-time = "2025-11-13T19:57:59.181Z" },
    { url = "https://files.pythonhosted.org/packages/b6/f3/aa319f4afc22cb6fcba2b9cdfc0f03bbf747e59ab7a8c5e90173857a1361/ruff-0.14.5-py3-none-macosx_11_0_arm64.whl", hash = "sha256:6d146132d1ee115f8802356a2dc9a634dbf58184c51bff21f313e8cd1c74899a", size = 12574040, upload-time = "2025-11-13T19:58:02.056Z" },
    { url = "https://files.pythonhosted.org/packages/f9/7f/cb5845fcc7c7e88ed57f58670189fc2ff517fe2134c3821e77e29fd3b0c8/ruff-0.14.5-py3-none-manylinux_2_17_aarch64.manylinux2014_aarch64.whl", hash = "sha256:e2380596653dcd20b057794d55681571a257a42327da8894b93bbd6111aa801f", size = 13009755, upload-time = "2025-11-13T19:58:05.172Z" },
    { url = "https://files.pythonhosted.org/packages/21/d2/bcbedbb6bcb9253085981730687ddc0cc7b2e18e8dc13cf4453de905d7a0/ruff-0.14.5-py3-none-manylinux_2_17_armv7l.manylinux2014_armv7l.whl", hash = "sha256:2d1fa985a42b1f075a098fa1ab9d472b712bdb17ad87a8ec86e45e7fa6273e68", size = 12937641, upload-time = "2025-11-13T19:58:08.345Z" },
    { url = "https://files.pythonhosted.org/packages/a4/58/e25de28a572bdd60ffc6bb71fc7fd25a94ec6a076942e372437649cbb02a/ruff-0.14.5-py3-none-manylinux_2_17_i686.manylinux2014_i686.whl", hash = "sha256:88f0770d42b7fa02bbefddde15d235ca3aa24e2f0137388cc15b2dcbb1f7c7a7", size = 13610854, upload-time = "2025-11-13T19:58:11.419Z" },
    { url = "https://files.pythonhosted.org/packages/7d/24/43bb3fd23ecee9861970978ea1a7a63e12a204d319248a7e8af539984280/ruff-0.14.5-py3-none-manylinux_2_17_ppc64.manylinux2014_ppc64.whl", hash = "sha256:3676cb02b9061fee7294661071c4709fa21419ea9176087cb77e64410926eb78", size = 15061088, upload-time = "2025-11-13T19:58:14.551Z" },
    { url = "https://files.pythonhosted.org/packages/23/44/a022f288d61c2f8c8645b24c364b719aee293ffc7d633a2ca4d116b9c716/ruff-0.14.5-py3-none-manylinux_2_17_ppc64le.manylinux2014_ppc64le.whl", hash = "sha256:b595bedf6bc9cab647c4a173a61acf4f1ac5f2b545203ba82f30fcb10b0318fb", size = 14734717, upload-time = "2025-11-13T19:58:17.518Z" },
    { url = "https://files.pythonhosted.org/packages/58/81/5c6ba44de7e44c91f68073e0658109d8373b0590940efe5bd7753a2585a3/ruff-0.14.5-py3-none-manylinux_2_17_s390x.manylinux2014_s390x.whl", hash = "sha256:f55382725ad0bdb2e8ee2babcbbfb16f124f5a59496a2f6a46f1d9d99d93e6e2", size = 14028812, upload-time = "2025-11-13T19:58:20.533Z" },
    { url = "https://files.pythonhosted.org/packages/ad/ef/41a8b60f8462cb320f68615b00299ebb12660097c952c600c762078420f8/ruff-0.14.5-py3-none-manylinux_2_17_x86_64.manylinux2014_x86_64.whl", hash = "sha256:7497d19dce23976bdaca24345ae131a1d38dcfe1b0850ad8e9e6e4fa321a6e19", size = 13825656, upload-time = "2025-11-13T19:58:23.345Z" },
    { url = "https://files.pythonhosted.org/packages/7c/00/207e5de737fdb59b39eb1fac806904fe05681981b46d6a6db9468501062e/ruff-0.14.5-py3-none-manylinux_2_31_riscv64.whl", hash = "sha256:410e781f1122d6be4f446981dd479470af86537fb0b8857f27a6e872f65a38e4", size = 13959922, upload-time = "2025-11-13T19:58:26.537Z" },
    { url = "https://files.pythonhosted.org/packages/bc/7e/fa1f5c2776db4be405040293618846a2dece5c70b050874c2d1f10f24776/ruff-0.14.5-py3-none-musllinux_1_2_aarch64.whl", hash = "sha256:c01be527ef4c91a6d55e53b337bfe2c0f82af024cc1a33c44792d6844e2331e1", size = 12932501, upload-time = "2025-11-13T19:58:29.822Z" },
    { url = "https://files.pythonhosted.org/packages/67/d8/d86bf784d693a764b59479a6bbdc9515ae42c340a5dc5ab1dabef847bfaa/ruff-0.14.5-py3-none-musllinux_1_2_armv7l.whl", hash = "sha256:f66e9bb762e68d66e48550b59c74314168ebb46199886c5c5aa0b0fbcc81b151", size = 12927319, upload-time = "2025-11-13T19:58:32.923Z" },
    { url = "https://files.pythonhosted.org/packages/ac/de/ee0b304d450ae007ce0cb3e455fe24fbcaaedae4ebaad6c23831c6663651/ruff-0.14.5-py3-none-musllinux_1_2_i686.whl", hash = "sha256:d93be8f1fa01022337f1f8f3bcaa7ffee2d0b03f00922c45c2207954f351f465", size = 13206209, upload-time = "2025-11-13T19:58:35.952Z" },
    { url = "https://files.pythonhosted.org/packages/33/aa/193ca7e3a92d74f17d9d5771a765965d2cf42c86e6f0fd95b13969115723/ruff-0.14.5-py3-none-musllinux_1_2_x86_64.whl", hash = "sha256:c135d4b681f7401fe0e7312017e41aba9b3160861105726b76cfa14bc25aa367", size = 13953709, upload-time = "2025-11-13T19:58:39.002Z" },
    { url = "https://files.pythonhosted.org/packages/cc/f1/7119e42aa1d3bf036ffc9478885c2e248812b7de9abea4eae89163d2929d/ruff-0.14.5-py3-none-win32.whl", hash = "sha256:c83642e6fccfb6dea8b785eb9f456800dcd6a63f362238af5fc0c83d027dd08b", size = 12925808, upload-time = "2025-11-13T19:58:42.779Z" },
    { url = "https://files.pythonhosted.org/packages/3b/9d/7c0a255d21e0912114784e4a96bf62af0618e2190cae468cd82b13625ad2/ruff-0.14.5-py3-none-win_amd64.whl", hash = "sha256:9d55d7af7166f143c94eae1db3312f9ea8f95a4defef1979ed516dbb38c27621", size = 14331546, upload-time = "2025-11-13T19:58:45.691Z" },
    { url = "https://files.pythonhosted.org/packages/e5/80/69756670caedcf3b9be597a6e12276a6cf6197076eb62aad0c608f8efce0/ruff-0.14.5-py3-none-win_arm64.whl", hash = "sha256:4b700459d4649e2594b31f20a9de33bc7c19976d4746d8d0798ad959621d64a4", size = 13433331, upload-time = "2025-11-13T19:58:48.434Z" },
]
